// !$*UTF8*$!
{
	archiveVersion = 1;
	classes = {
	};
	objectVersion = 46;
	objects = {

/* Begin PBXBuildFile section */
		71023B21171703020096C866 /* UIKit.framework in Frameworks */ = {isa = PBXBuildFile; fileRef = 71023B20171703020096C866 /* UIKit.framework */; };
		71023B23171703020096C866 /* Foundation.framework in Frameworks */ = {isa = PBXBuildFile; fileRef = 71023B22171703020096C866 /* Foundation.framework */; };
		71023B25171703020096C866 /* CoreGraphics.framework in Frameworks */ = {isa = PBXBuildFile; fileRef = 71023B24171703020096C866 /* CoreGraphics.framework */; };
		71023B2B171703020096C866 /* InfoPlist.strings in Resources */ = {isa = PBXBuildFile; fileRef = 71023B29171703020096C866 /* InfoPlist.strings */; };
		71023B2D171703020096C866 /* main.m in Sources */ = {isa = PBXBuildFile; fileRef = 71023B2C171703020096C866 /* main.m */; };
		71023B31171703020096C866 /* AppDelegate.m in Sources */ = {isa = PBXBuildFile; fileRef = 71023B30171703020096C866 /* AppDelegate.m */; };
		71023B33171703020096C866 /* Default.png in Resources */ = {isa = PBXBuildFile; fileRef = 71023B32171703020096C866 /* Default.png */; };
		71023B35171703020096C866 /* Default@2x.png in Resources */ = {isa = PBXBuildFile; fileRef = 71023B34171703020096C866 /* Default@2x.png */; };
		71023B37171703020096C866 /* Default-568h@2x.png in Resources */ = {isa = PBXBuildFile; fileRef = 71023B36171703020096C866 /* Default-568h@2x.png */; };
		71023B3A171703020096C866 /* ViewController.m in Sources */ = {isa = PBXBuildFile; fileRef = 71023B39171703020096C866 /* ViewController.m */; };
		71023B3D171703020096C866 /* ViewController.xib in Resources */ = {isa = PBXBuildFile; fileRef = 71023B3B171703020096C866 /* ViewController.xib */; };
		71023B45171703910096C866 /* MazeTableView.m in Sources */ = {isa = PBXBuildFile; fileRef = 71023B44171703910096C866 /* MazeTableView.m */; settings = {COMPILER_FLAGS = "-fobj-arc"; }; };
		71023B481717044C0096C866 /* QuartzCore.framework in Frameworks */ = {isa = PBXBuildFile; fileRef = 71023B471717044C0096C866 /* QuartzCore.framework */; };
/* End PBXBuildFile section */

/* Begin PBXFileReference section */
		71023B1D171703020096C866 /* demo.app */ = {isa = PBXFileReference; explicitFileType = wrapper.application; includeInIndex = 0; path = demo.app; sourceTree = BUILT_PRODUCTS_DIR; };
		71023B20171703020096C866 /* UIKit.framework */ = {isa = PBXFileReference; lastKnownFileType = wrapper.framework; name = UIKit.framework; path = System/Library/Frameworks/UIKit.framework; sourceTree = SDKROOT; };
		71023B22171703020096C866 /* Foundation.framework */ = {isa = PBXFileReference; lastKnownFileType = wrapper.framework; name = Foundation.framework; path = System/Library/Frameworks/Foundation.framework; sourceTree = SDKROOT; };
		71023B24171703020096C866 /* CoreGraphics.framework */ = {isa = PBXFileReference; lastKnownFileType = wrapper.framework; name = CoreGraphics.framework; path = System/Library/Frameworks/CoreGraphics.framework; sourceTree = SDKROOT; };
		71023B28171703020096C866 /* demo-Info.plist */ = {isa = PBXFileReference; lastKnownFileType = text.plist.xml; path = "demo-Info.plist"; sourceTree = "<group>"; };
		71023B2A171703020096C866 /* en */ = {isa = PBXFileReference; lastKnownFileType = text.plist.strings; name = en; path = en.lproj/InfoPlist.strings; sourceTree = "<group>"; };
		71023B2C171703020096C866 /* main.m */ = {isa = PBXFileReference; lastKnownFileType = sourcecode.c.objc; path = main.m; sourceTree = "<group>"; };
		71023B2E171703020096C866 /* demo-Prefix.pch */ = {isa = PBXFileReference; lastKnownFileType = sourcecode.c.h; path = "demo-Prefix.pch"; sourceTree = "<group>"; };
		71023B2F171703020096C866 /* AppDelegate.h */ = {isa = PBXFileReference; lastKnownFileType = sourcecode.c.h; path = AppDelegate.h; sourceTree = "<group>"; };
		71023B30171703020096C866 /* AppDelegate.m */ = {isa = PBXFileReference; lastKnownFileType = sourcecode.c.objc; path = AppDelegate.m; sourceTree = "<group>"; };
		71023B32171703020096C866 /* Default.png */ = {isa = PBXFileReference; lastKnownFileType = image.png; path = Default.png; sourceTree = "<group>"; };
		71023B34171703020096C866 /* Default@2x.png */ = {isa = PBXFileReference; lastKnownFileType = image.png; path = "Default@2x.png"; sourceTree = "<group>"; };
		71023B36171703020096C866 /* Default-568h@2x.png */ = {isa = PBXFileReference; lastKnownFileType = image.png; path = "Default-568h@2x.png"; sourceTree = "<group>"; };
		71023B38171703020096C866 /* ViewController.h */ = {isa = PBXFileReference; lastKnownFileType = sourcecode.c.h; path = ViewController.h; sourceTree = "<group>"; };
		71023B39171703020096C866 /* ViewController.m */ = {isa = PBXFileReference; lastKnownFileType = sourcecode.c.objc; path = ViewController.m; sourceTree = "<group>"; };
		71023B3C171703020096C866 /* en */ = {isa = PBXFileReference; lastKnownFileType = file.xib; name = en; path = en.lproj/ViewController.xib; sourceTree = "<group>"; };
		71023B43171703910096C866 /* MazeTableView.h */ = {isa = PBXFileReference; fileEncoding = 4; lastKnownFileType = sourcecode.c.h; name = MazeTableView.h; path = ../../MazeTableView.h; sourceTree = "<group>"; };
		71023B44171703910096C866 /* MazeTableView.m */ = {isa = PBXFileReference; fileEncoding = 4; lastKnownFileType = sourcecode.c.objc; name = MazeTableView.m; path = ../../MazeTableView.m; sourceTree = "<group>"; };
		71023B471717044C0096C866 /* QuartzCore.framework */ = {isa = PBXFileReference; lastKnownFileType = wrapper.framework; name = QuartzCore.framework; path = System/Library/Frameworks/QuartzCore.framework; sourceTree = SDKROOT; };
/* End PBXFileReference section */

/* Begin PBXFrameworksBuildPhase section */
		71023B1A171703020096C866 /* Frameworks */ = {
			isa = PBXFrameworksBuildPhase;
			buildActionMask = 2147483647;
			files = (
				71023B481717044C0096C866 /* QuartzCore.framework in Frameworks */,
				71023B21171703020096C866 /* UIKit.framework in Frameworks */,
				71023B23171703020096C866 /* Foundation.framework in Frameworks */,
				71023B25171703020096C866 /* CoreGraphics.framework in Frameworks */,
			);
			runOnlyForDeploymentPostprocessing = 0;
		};
/* End PBXFrameworksBuildPhase section */

/* Begin PBXGroup section */
		71023B14171703020096C866 = {
			isa = PBXGroup;
			children = (
				71023B26171703020096C866 /* demo */,
				71023B1F171703020096C866 /* Frameworks */,
				71023B1E171703020096C866 /* Products */,
			);
			sourceTree = "<group>";
		};
		71023B1E171703020096C866 /* Products */ = {
			isa = PBXGroup;
			children = (
				71023B1D171703020096C866 /* demo.app */,
			);
			name = Products;
			sourceTree = "<group>";
		};
		71023B1F171703020096C866 /* Frameworks */ = {
			isa = PBXGroup;
			children = (
				71023B471717044C0096C866 /* QuartzCore.framework */,
				71023B20171703020096C866 /* UIKit.framework */,
				71023B22171703020096C866 /* Foundation.framework */,
				71023B24171703020096C866 /* CoreGraphics.framework */,
			);
			name = Frameworks;
			sourceTree = "<group>";
		};
		71023B26171703020096C866 /* demo */ = {
			isa = PBXGroup;
			children = (
				71023B46171703970096C866 /* MazeTableView */,
				71023B2F171703020096C866 /* AppDelegate.h */,
				71023B30171703020096C866 /* AppDelegate.m */,
				71023B38171703020096C866 /* ViewController.h */,
				71023B39171703020096C866 /* ViewController.m */,
				71023B3B171703020096C866 /* ViewController.xib */,
				71023B27171703020096C866 /* Supporting Files */,
			);
			path = demo;
			sourceTree = "<group>";
		};
		71023B27171703020096C866 /* Supporting Files */ = {
			isa = PBXGroup;
			children = (
				71023B28171703020096C866 /* demo-Info.plist */,
				71023B29171703020096C866 /* InfoPlist.strings */,
				71023B2C171703020096C866 /* main.m */,
				71023B2E171703020096C866 /* demo-Prefix.pch */,
				71023B32171703020096C866 /* Default.png */,
				71023B34171703020096C866 /* Default@2x.png */,
				71023B36171703020096C866 /* Default-568h@2x.png */,
			);
			name = "Supporting Files";
			sourceTree = "<group>";
		};
		71023B46171703970096C866 /* MazeTableView */ = {
			isa = PBXGroup;
			children = (
				71023B43171703910096C866 /* MazeTableView.h */,
				71023B44171703910096C866 /* MazeTableView.m */,
			);
			name = MazeTableView;
			sourceTree = "<group>";
		};
/* End PBXGroup section */

/* Begin PBXNativeTarget section */
		71023B1C171703020096C866 /* demo */ = {
			isa = PBXNativeTarget;
			buildConfigurationList = 71023B40171703020096C866 /* Build configuration list for PBXNativeTarget "demo" */;
			buildPhases = (
				71023B19171703020096C866 /* Sources */,
				71023B1A171703020096C866 /* Frameworks */,
				71023B1B171703020096C866 /* Resources */,
			);
			buildRules = (
			);
			dependencies = (
			);
			name = demo;
			productName = demo;
			productReference = 71023B1D171703020096C866 /* demo.app */;
			productType = "com.apple.product-type.application";
		};
/* End PBXNativeTarget section */

/* Begin PBXProject section */
		71023B15171703020096C866 /* Project object */ = {
			isa = PBXProject;
			attributes = {
				LastUpgradeCheck = 0460;
			};
			buildConfigurationList = 71023B18171703020096C866 /* Build configuration list for PBXProject "demo" */;
			compatibilityVersion = "Xcode 3.2";
			developmentRegion = English;
			hasScannedForEncodings = 0;
			knownRegions = (
				en,
			);
			mainGroup = 71023B14171703020096C866;
			productRefGroup = 71023B1E171703020096C866 /* Products */;
			projectDirPath = "";
			projectRoot = "";
			targets = (
				71023B1C171703020096C866 /* demo */,
			);
		};
/* End PBXProject section */

/* Begin PBXResourcesBuildPhase section */
		71023B1B171703020096C866 /* Resources */ = {
			isa = PBXResourcesBuildPhase;
			buildActionMask = 2147483647;
			files = (
				71023B2B171703020096C866 /* InfoPlist.strings in Resources */,
				71023B33171703020096C866 /* Default.png in Resources */,
				71023B35171703020096C866 /* Default@2x.png in Resources */,
				71023B37171703020096C866 /* Default-568h@2x.png in Resources */,
				71023B3D171703020096C866 /* ViewController.xib in Resources */,
			);
			runOnlyForDeploymentPostprocessing = 0;
		};
/* End PBXResourcesBuildPhase section */

/* Begin PBXSourcesBuildPhase section */
		71023B19171703020096C866 /* Sources */ = {
			isa = PBXSourcesBuildPhase;
			buildActionMask = 2147483647;
			files = (
				71023B2D171703020096C866 /* main.m in Sources */,
				71023B31171703020096C866 /* AppDelegate.m in Sources */,
				71023B3A171703020096C866 /* ViewController.m in Sources */,
				71023B45171703910096C866 /* MazeTableView.m in Sources */,
			);
			runOnlyForDeploymentPostprocessing = 0;
		};
/* End PBXSourcesBuildPhase section */

/* Begin PBXVariantGroup section */
		71023B29171703020096C866 /* InfoPlist.strings */ = {
			isa = PBXVariantGroup;
			children = (
				71023B2A171703020096C866 /* en */,
			);
			name = InfoPlist.strings;
			sourceTree = "<group>";
		};
		71023B3B171703020096C866 /* ViewController.xib */ = {
			isa = PBXVariantGroup;
			children = (
				71023B3C171703020096C866 /* en */,
			);
			name = ViewController.xib;
			sourceTree = "<group>";
		};
/* End PBXVariantGroup section */

/* Begin XCBuildConfiguration section */
		71023B3E171703020096C866 /* Debug */ = {
			isa = XCBuildConfiguration;
			buildSettings = {
				ALWAYS_SEARCH_USER_PATHS = NO;
				CLANG_CXX_LANGUAGE_STANDARD = "gnu++0x";
				CLANG_CXX_LIBRARY = "libc++";
				CLANG_ENABLE_OBJC_ARC = YES;
				CLANG_WARN_CONSTANT_CONVERSION = YES;
				CLANG_WARN_EMPTY_BODY = YES;
				CLANG_WARN_ENUM_CONVERSION = YES;
				CLANG_WARN_INT_CONVERSION = YES;
				CLANG_WARN__DUPLICATE_METHOD_MATCH = YES;
				"CODE_SIGN_IDENTITY[sdk=iphoneos*]" = "iPhone Developer";
				COPY_PHASE_STRIP = NO;
				GCC_C_LANGUAGE_STANDARD = gnu99;
				GCC_DYNAMIC_NO_PIC = NO;
				GCC_OPTIMIZATION_LEVEL = 0;
				GCC_PREPROCESSOR_DEFINITIONS = (
					"DEBUG=1",
					"$(inherited)",
				);
				GCC_SYMBOLS_PRIVATE_EXTERN = NO;
				GCC_WARN_ABOUT_RETURN_TYPE = YES;
				GCC_WARN_UNINITIALIZED_AUTOS = YES;
				GCC_WARN_UNUSED_VARIABLE = YES;
				IPHONEOS_DEPLOYMENT_TARGET = 6.1;
				ONLY_ACTIVE_ARCH = YES;
				SDKROOT = iphoneos;
			};
			name = Debug;
		};
		71023B3F171703020096C866 /* Release */ = {
			isa = XCBuildConfiguration;
			buildSettings = {
				ALWAYS_SEARCH_USER_PATHS = NO;
				CLANG_CXX_LANGUAGE_STANDARD = "gnu++0x";
				CLANG_CXX_LIBRARY = "libc++";
				CLANG_ENABLE_OBJC_ARC = YES;
				CLANG_WARN_CONSTANT_CONVERSION = YES;
				CLANG_WARN_EMPTY_BODY = YES;
				CLANG_WARN_ENUM_CONVERSION = YES;
				CLANG_WARN_INT_CONVERSION = YES;
				CLANG_WARN__DUPLICATE_METHOD_MATCH = YES;
				"CODE_SIGN_IDENTITY[sdk=iphoneos*]" = "iPhone Developer";
				COPY_PHASE_STRIP = YES;
				GCC_C_LANGUAGE_STANDARD = gnu99;
				GCC_WARN_ABOUT_RETURN_TYPE = YES;
				GCC_WARN_UNINITIALIZED_AUTOS = YES;
				GCC_WARN_UNUSED_VARIABLE = YES;
				IPHONEOS_DEPLOYMENT_TARGET = 6.1;
				OTHER_CFLAGS = "-DNS_BLOCK_ASSERTIONS=1";
				SDKROOT = iphoneos;
				VALIDATE_PRODUCT = YES;
			};
			name = Release;
		};
		71023B41171703020096C866 /* Debug */ = {
			isa = XCBuildConfiguration;
			buildSettings = {
				GCC_PRECOMPILE_PREFIX_HEADER = YES;
				GCC_PREFIX_HEADER = "demo/demo-Prefix.pch";
				INFOPLIST_FILE = "demo/demo-Info.plist";
				PRODUCT_NAME = "$(TARGET_NAME)";
				WRAPPER_EXTENSION = app;
			};
			name = Debug;
		};
		71023B42171703020096C866 /* Release */ = {
			isa = XCBuildConfiguration;
			buildSettings = {
				GCC_PRECOMPILE_PREFIX_HEADER = YES;
				GCC_PREFIX_HEADER = "demo/demo-Prefix.pch";
				INFOPLIST_FILE = "demo/demo-Info.plist";
				PRODUCT_NAME = "$(TARGET_NAME)";
				WRAPPER_EXTENSION = app;
			};
			name = Release;
		};
/* End XCBuildConfiguration section */

/* Begin XCConfigurationList section */
		71023B18171703020096C866 /* Build configuration list for PBXProject "demo" */ = {
			isa = XCConfigurationList;
			buildConfigurations = (
				71023B3E171703020096C866 /* Debug */,
				71023B3F171703020096C866 /* Release */,
			);
			defaultConfigurationIsVisible = 0;
			defaultConfigurationName = Release;
		};
		71023B40171703020096C866 /* Build configuration list for PBXNativeTarget "demo" */ = {
			isa = XCConfigurationList;
			buildConfigurations = (
				71023B41171703020096C866 /* Debug */,
				71023B42171703020096C866 /* Release */,
			);
			defaultConfigurationIsVisible = 0;
			defaultConfigurationName = Release;
		};
/* End XCConfigurationList section */
	};
	rootObject = 71023B15171703020096C866 /* Project object */;
}
